
Microsoft Visual Studio Solution File, Format Version 12.00
# Visual Studio 15
Project("{F184B08F-C81C-45F6-A57F-5ABD9991F28F}") = "visual_programming_course", "visual_programming_course.vbproj", "{60AA5359-3732-4E0B-875F-086847C2E83A}"
EndProject
Global
	GlobalSection(SolutionConfigurationPlatforms) = preSolution
		Debug|anycpu = Debug|anycpu
		Release|anycpu = Release|anycpu
	EndGlobalSection
	GlobalSection(ProjectConfigurationPlatforms) = postSolution
		{60AA5359-3732-4E0B-875F-086847C2E83A}.Debug|anycpu.ActiveCfg = Debug|anycpu
		{60AA5359-3732-4E0B-875F-086847C2E83A}.Debug|anycpu.Build.0 = Debug|anycpu
		{60AA5359-3732-4E0B-875F-086847C2E83A}.Release|anycpu.ActiveCfg = Release|anycpu
		{60AA5359-3732-4E0B-875F-086847C2E83A}.Release|anycpu.Build.0 = Release|anycpu
	EndGlobalSection
EndGlobal
